
Microsoft Visual Studio Solution File, Format Version 12.00
# Visual Studio Version 16
VisualStudioVersion = 25.0.1704.3
MinimumVisualStudioVersion = 10.0.40219.1
Project("{FAE04EC0-301F-11D3-BF4B-00C04F79EFBC}") = "PeaksAndValleys", "PeaksAndValleys\PeaksAndValleys.csproj", "{4BE62948-AE79-4BA1-9A9A-27207E39DBC9}"
EndProject
Project("{FAE04EC0-301F-11D3-BF4B-00C04F79EFBC}") = "UnitTests", "UnitTests\UnitTests.csproj", "{40768F72-AC4E-4173-B112-059518AA66F6}"
EndProject
Global
	GlobalSection(SolutionConfigurationPlatforms) = preSolution
		Debug|Any CPU = Debug|Any CPU
		Release|Any CPU = Release|Any CPU
	EndGlobalSection
	GlobalSection(ProjectConfigurationPlatforms) = postSolution
		{4BE62948-AE79-4BA1-9A9A-27207E39DBC9}.Debug|Any CPU.ActiveCfg = Debug|Any CPU
		{4BE62948-AE79-4BA1-9A9A-27207E39DBC9}.Debug|Any CPU.Build.0 = Debug|Any CPU
		{4BE62948-AE79-4BA1-9A9A-27207E39DBC9}.Release|Any CPU.ActiveCfg = Release|Any CPU
		{4BE62948-AE79-4BA1-9A9A-27207E39DBC9}.Release|Any CPU.Build.0 = Release|Any CPU
		{40768F72-AC4E-4173-B112-059518AA66F6}.Debug|Any CPU.ActiveCfg = Debug|Any CPU
		{40768F72-AC4E-4173-B112-059518AA66F6}.Debug|Any CPU.Build.0 = Debug|Any CPU
		{40768F72-AC4E-4173-B112-059518AA66F6}.Release|Any CPU.ActiveCfg = Release|Any CPU
		{40768F72-AC4E-4173-B112-059518AA66F6}.Release|Any CPU.Build.0 = Release|Any CPU
	EndGlobalSection
	GlobalSection(SolutionProperties) = preSolution
		HideSolutionNode = FALSE
	EndGlobalSection
	GlobalSection(ExtensibilityGlobals) = postSolution
		SolutionGuid = {5F589B14-9E7F-4E5E-98AB-9913FC977070}
	EndGlobalSection
EndGlobal
